
Microsoft Visual Studio Solution File, Format Version 12.00
# Visual Studio Version 17
VisualStudioVersion = 17.1.32407.343
MinimumVisualStudioVersion = 10.0.40219.1
Project("{888888A0-9F3D-457C-B088-3A5042F75D52}") = "NLP", "NLP.pyproj", "{8E76FBDD-005D-4E19-BAB7-57799788E554}"
EndProject
Global
	GlobalSection(SolutionConfigurationPlatforms) = preSolution
		Debug|Any CPU = Debug|Any CPU
		Release|Any CPU = Release|Any CPU
	EndGlobalSection
	GlobalSection(ProjectConfigurationPlatforms) = postSolution
		{8E76FBDD-005D-4E19-BAB7-57799788E554}.Debug|Any CPU.ActiveCfg = Debug|Any CPU
		{8E76FBDD-005D-4E19-BAB7-57799788E554}.Release|Any CPU.ActiveCfg = Release|Any CPU
	EndGlobalSection
	GlobalSection(SolutionProperties) = preSolution
		HideSolutionNode = FALSE
	EndGlobalSection
	GlobalSection(ExtensibilityGlobals) = postSolution
		SolutionGuid = {587C15D7-E6FA-4F9C-A51D-7F9F91D98FCC}
	EndGlobalSection
EndGlobal
